{
  "nodes": {
    "flake-utils": {
      "inputs": {
        "systems": "systems"
      },
      "locked": {
        "lastModified": 1710146030,
        "narHash": "sha256-SZ5L6eA7HJ/nmkzGG7/ISclqe6oZdOZTNoesiInkXPQ=",
        "owner": "numtide",
        "repo": "flake-utils",
        "rev": "b1d9ab70662946ef0850d488da1c9019f3a9752a",
        "type": "github"
      },
      "original": {
        "owner": "numtide",
        "repo": "flake-utils",
        "type": "github"
      }
    },
    "flake-utils_2": {
      "locked": {
        "lastModified": 1667395993,
        "narHash": "sha256-nuEHfE/LcWyuSWnS8t12N1wc105Qtau+/OdUAjtQ0rA=",
        "owner": "numtide",
        "repo": "flake-utils",
        "rev": "5aed5285a952e0b949eb3ba02c12fa4fcfef535f",
        "type": "github"
      },
      "original": {
        "owner": "numtide",
        "repo": "flake-utils",
        "type": "github"
      }
    },
    "gitignore": {
      "inputs": {
        "nixpkgs": [
          "templ",
          "nixpkgs"
        ]
      },
      "locked": {
        "lastModified": 1709087332,
        "narHash": "sha256-HG2cCnktfHsKV0s4XW83gU3F57gaTljL9KNSuG6bnQs=",
        "owner": "hercules-ci",
        "repo": "gitignore.nix",
        "rev": "637db329424fd7e46cf4185293b9cc8c88c95394",
        "type": "github"
      },
      "original": {
        "owner": "hercules-ci",
        "repo": "gitignore.nix",
        "type": "github"
      }
    },
    "gomod2nix": {
      "inputs": {
        "flake-utils": [
          "flake-utils"
        ],
        "nixpkgs": [
          "nixpkgs"
        ]
      },
      "locked": {
        "lastModified": 1717050755,
        "narHash": "sha256-C9IEHABulv2zEDFA+Bf0E1nmfN4y6MIUe5eM2RCrDC0=",
        "owner": "nix-community",
        "repo": "gomod2nix",
        "rev": "31b6d2e40b36456e792cd6cf50d5a8ddd2fa59a1",
        "type": "github"
      },
      "original": {
        "owner": "nix-community",
        "repo": "gomod2nix",
        "type": "github"
      }
    },
    "htmx": {
      "flake": false,
      "locked": {
        "lastModified": 1717596106,
        "narHash": "sha256-iM0Hg6Ht/J92wW2QQJ++jh2eKFJlZ1P9/D+irYCphVo=",
        "owner": "bigskysoftware",
        "repo": "htmx",
        "rev": "a3787679878dace5aa15b5da54b96342fb9f9343",
        "type": "github"
      },
      "original": {
        "owner": "bigskysoftware",
        "repo": "htmx",
        "type": "github"
      }
    },
    "hyperscript": {
      "flake": false,
      "locked": {
        "lastModified": 1713371300,
        "narHash": "sha256-HfZLZxAuER2lWvP8qC/IMr6sRTM6m875DMVoWt512cg=",
        "owner": "bigskysoftware",
        "repo": "_hyperscript",
        "rev": "1e65fb101e2953f680ce958f7de31c266356ad87",
        "type": "github"
      },
      "original": {
        "owner": "bigskysoftware",
        "repo": "_hyperscript",
        "type": "github"
      }
    },
    "nixpkgs": {
      "locked": {
        "lastModified": 1717196966,
        "narHash": "sha256-yZKhxVIKd2lsbOqYd5iDoUIwsRZFqE87smE2Vzf6Ck0=",
        "owner": "NixOS",
        "repo": "nixpkgs",
        "rev": "57610d2f8f0937f39dbd72251e9614b1561942d8",
        "type": "github"
      },
      "original": {
        "owner": "NixOS",
        "ref": "nixos-unstable",
        "repo": "nixpkgs",
        "type": "github"
      }
    },
    "root": {
      "inputs": {
        "flake-utils": "flake-utils",
        "gomod2nix": "gomod2nix",
        "htmx": "htmx",
        "hyperscript": "hyperscript",
        "nixpkgs": "nixpkgs",
        "templ": "templ"
      }
    },
    "systems": {
      "locked": {
        "lastModified": 1681028828,
        "narHash": "sha256-Vy1rq5AaRuLzOxct8nz4T6wlgyUR7zLU309k9mBC768=",
        "owner": "nix-systems",
        "repo": "default",
        "rev": "da67096a3b9bf56a91d16901293e51ba5b49a27e",
        "type": "github"
      },
      "original": {
        "owner": "nix-systems",
        "repo": "default",
        "type": "github"
      }
    },
    "templ": {
      "inputs": {
        "gitignore": "gitignore",
        "gomod2nix": [
          "gomod2nix"
        ],
        "nixpkgs": [
          "nixpkgs"
        ],
        "xc": "xc"
      },
      "locked": {
        "lastModified": 1717592927,
        "narHash": "sha256-n4t8qkmkDXl7uXhz7ywe66N0aLt9dpHDdMeVSg7RTcs=",
        "owner": "a-h",
        "repo": "templ",
        "rev": "38d9ecaa826269d8227bf7b7effe0b9703ecdb9a",
        "type": "github"
      },
      "original": {
        "owner": "a-h",
        "repo": "templ",
        "type": "github"
      }
    },
    "xc": {
      "inputs": {
        "flake-utils": "flake-utils_2",
        "nixpkgs": [
          "templ",
          "nixpkgs"
        ]
      },
      "locked": {
        "lastModified": 1709043057,
        "narHash": "sha256-F/u9u1vevCUqgCz0WjcCOPcN+h9kLEP73nBqie86J2w=",
        "owner": "joerdav",
        "repo": "xc",
        "rev": "52cfa7e7f2d5a0d97b45a6f69ff1403a901e78c6",
        "type": "github"
      },
      "original": {
        "owner": "joerdav",
        "repo": "xc",
        "type": "github"
      }
    }
  },
  "root": "root",
  "version": 7
}
